
Microsoft Visual Studio Solution File, Format Version 12.00
# Visual Studio Version 17
VisualStudioVersion = 17.2.32616.157
MinimumVisualStudioVersion = 10.0.40219.1
Project("{FAE04EC0-301F-11D3-BF4B-00C04F79EFBC}") = "AuthAPI", "AuthAPI\AuthAPI.csproj", "{FF4FF94F-76AA-47E3-ADB7-4C4E62AC196D}"
EndProject
Global
	GlobalSection(SolutionConfigurationPlatforms) = preSolution
		Debug|Any CPU = Debug|Any CPU
		Release|Any CPU = Release|Any CPU
	EndGlobalSection
	GlobalSection(ProjectConfigurationPlatforms) = postSolution
		{FF4FF94F-76AA-47E3-ADB7-4C4E62AC196D}.Debug|Any CPU.ActiveCfg = Debug|Any CPU
		{FF4FF94F-76AA-47E3-ADB7-4C4E62AC196D}.Debug|Any CPU.Build.0 = Debug|Any CPU
		{FF4FF94F-76AA-47E3-ADB7-4C4E62AC196D}.Release|Any CPU.ActiveCfg = Release|Any CPU
		{FF4FF94F-76AA-47E3-ADB7-4C4E62AC196D}.Release|Any CPU.Build.0 = Release|Any CPU
	EndGlobalSection
	GlobalSection(SolutionProperties) = preSolution
		HideSolutionNode = FALSE
	EndGlobalSection
	GlobalSection(ExtensibilityGlobals) = postSolution
		SolutionGuid = {AC76CF5E-A813-455B-8692-A281A18109E0}
	EndGlobalSection
EndGlobal
