
Microsoft Visual Studio Solution File, Format Version 12.00
# Visual Studio Version 17
VisualStudioVersion = 17.4.33403.182
MinimumVisualStudioVersion = 10.0.40219.1
Project("{9A19103F-16F7-4668-BE54-9A1E7A4F7556}") = "SRD.API", "src\SRD.API\SRD.API.csproj", "{3156134B-BC0A-4D4B-BBDE-15B3A789F2C1}"
EndProject
Project("{FAE04EC0-301F-11D3-BF4B-00C04F79EFBC}") = "SRD.Application", "src\SRD.Application\SRD.Application.csproj", "{3DCD850B-82C0-4BA3-BE90-A1DD0B416C8B}"
EndProject
Project("{FAE04EC0-301F-11D3-BF4B-00C04F79EFBC}") = "SRD.Domain", "src\SRD.Domain\SRD.Domain.csproj", "{29998625-F211-4D1D-BDB6-2D3A22DF1205}"
EndProject
Project("{FAE04EC0-301F-11D3-BF4B-00C04F79EFBC}") = "SRD.Infra", "src\SRD.Infra\SRD.Infra.csproj", "{579ECD9B-6EC0-49CA-A063-974534DE3174}"
EndProject
Global
	GlobalSection(SolutionConfigurationPlatforms) = preSolution
		Debug|Any CPU = Debug|Any CPU
		Release|Any CPU = Release|Any CPU
	EndGlobalSection
	GlobalSection(ProjectConfigurationPlatforms) = postSolution
		{3156134B-BC0A-4D4B-BBDE-15B3A789F2C1}.Debug|Any CPU.ActiveCfg = Debug|Any CPU
		{3156134B-BC0A-4D4B-BBDE-15B3A789F2C1}.Debug|Any CPU.Build.0 = Debug|Any CPU
		{3156134B-BC0A-4D4B-BBDE-15B3A789F2C1}.Release|Any CPU.ActiveCfg = Release|Any CPU
		{3156134B-BC0A-4D4B-BBDE-15B3A789F2C1}.Release|Any CPU.Build.0 = Release|Any CPU
		{3DCD850B-82C0-4BA3-BE90-A1DD0B416C8B}.Debug|Any CPU.ActiveCfg = Debug|Any CPU
		{3DCD850B-82C0-4BA3-BE90-A1DD0B416C8B}.Debug|Any CPU.Build.0 = Debug|Any CPU
		{3DCD850B-82C0-4BA3-BE90-A1DD0B416C8B}.Release|Any CPU.ActiveCfg = Release|Any CPU
		{3DCD850B-82C0-4BA3-BE90-A1DD0B416C8B}.Release|Any CPU.Build.0 = Release|Any CPU
		{29998625-F211-4D1D-BDB6-2D3A22DF1205}.Debug|Any CPU.ActiveCfg = Debug|Any CPU
		{29998625-F211-4D1D-BDB6-2D3A22DF1205}.Debug|Any CPU.Build.0 = Debug|Any CPU
		{29998625-F211-4D1D-BDB6-2D3A22DF1205}.Release|Any CPU.ActiveCfg = Release|Any CPU
		{29998625-F211-4D1D-BDB6-2D3A22DF1205}.Release|Any CPU.Build.0 = Release|Any CPU
		{579ECD9B-6EC0-49CA-A063-974534DE3174}.Debug|Any CPU.ActiveCfg = Debug|Any CPU
		{579ECD9B-6EC0-49CA-A063-974534DE3174}.Debug|Any CPU.Build.0 = Debug|Any CPU
		{579ECD9B-6EC0-49CA-A063-974534DE3174}.Release|Any CPU.ActiveCfg = Release|Any CPU
		{579ECD9B-6EC0-49CA-A063-974534DE3174}.Release|Any CPU.Build.0 = Release|Any CPU
	EndGlobalSection
	GlobalSection(SolutionProperties) = preSolution
		HideSolutionNode = FALSE
	EndGlobalSection
	GlobalSection(ExtensibilityGlobals) = postSolution
		SolutionGuid = {55701DB6-594C-4526-9FB3-7000C0945C38}
	EndGlobalSection
EndGlobal
